
Microsoft Visual Studio Solution File, Format Version 12.00
# Visual Studio Version 17
VisualStudioVersion = 17.0.31903.59
MinimumVisualStudioVersion = 10.0.40219.1
Project("{FAE04EC0-301F-11D3-BF4B-00C04F79EFBC}") = "API", "API\API.csproj", "{87A285F1-3F6B-4076-B75E-494D5ECD5492}"
EndProject
Project("{FAE04EC0-301F-11D3-BF4B-00C04F79EFBC}") = "Application", "Application\Application.csproj", "{0610E7AA-373B-4FB4-A8A7-CB0E410E2BDE}"
EndProject
Project("{FAE04EC0-301F-11D3-BF4B-00C04F79EFBC}") = "Domain", "Domain\Domain.csproj", "{40280830-459C-4615-93D6-EE67F4D968EB}"
EndProject
Project("{FAE04EC0-301F-11D3-BF4B-00C04F79EFBC}") = "Persistence", "Persistence\Persistence.csproj", "{B01D4721-E6EA-4550-8778-FA9CBF393F92}"
EndProject
Project("{FAE04EC0-301F-11D3-BF4B-00C04F79EFBC}") = "Infrastructure", "Infrastructure\Infrastructure.csproj", "{E28387E4-00DD-4533-8AB6-311CCDEE8386}"
EndProject
Global
	GlobalSection(SolutionConfigurationPlatforms) = preSolution
		Debug|Any CPU = Debug|Any CPU
		Release|Any CPU = Release|Any CPU
	EndGlobalSection
	GlobalSection(SolutionProperties) = preSolution
		HideSolutionNode = FALSE
	EndGlobalSection
	GlobalSection(ProjectConfigurationPlatforms) = postSolution
		{87A285F1-3F6B-4076-B75E-494D5ECD5492}.Debug|Any CPU.ActiveCfg = Debug|Any CPU
		{87A285F1-3F6B-4076-B75E-494D5ECD5492}.Debug|Any CPU.Build.0 = Debug|Any CPU
		{87A285F1-3F6B-4076-B75E-494D5ECD5492}.Release|Any CPU.ActiveCfg = Release|Any CPU
		{87A285F1-3F6B-4076-B75E-494D5ECD5492}.Release|Any CPU.Build.0 = Release|Any CPU
		{0610E7AA-373B-4FB4-A8A7-CB0E410E2BDE}.Debug|Any CPU.ActiveCfg = Debug|Any CPU
		{0610E7AA-373B-4FB4-A8A7-CB0E410E2BDE}.Debug|Any CPU.Build.0 = Debug|Any CPU
		{0610E7AA-373B-4FB4-A8A7-CB0E410E2BDE}.Release|Any CPU.ActiveCfg = Release|Any CPU
		{0610E7AA-373B-4FB4-A8A7-CB0E410E2BDE}.Release|Any CPU.Build.0 = Release|Any CPU
		{40280830-459C-4615-93D6-EE67F4D968EB}.Debug|Any CPU.ActiveCfg = Debug|Any CPU
		{40280830-459C-4615-93D6-EE67F4D968EB}.Debug|Any CPU.Build.0 = Debug|Any CPU
		{40280830-459C-4615-93D6-EE67F4D968EB}.Release|Any CPU.ActiveCfg = Release|Any CPU
		{40280830-459C-4615-93D6-EE67F4D968EB}.Release|Any CPU.Build.0 = Release|Any CPU
		{B01D4721-E6EA-4550-8778-FA9CBF393F92}.Debug|Any CPU.ActiveCfg = Debug|Any CPU
		{B01D4721-E6EA-4550-8778-FA9CBF393F92}.Debug|Any CPU.Build.0 = Debug|Any CPU
		{B01D4721-E6EA-4550-8778-FA9CBF393F92}.Release|Any CPU.ActiveCfg = Release|Any CPU
		{B01D4721-E6EA-4550-8778-FA9CBF393F92}.Release|Any CPU.Build.0 = Release|Any CPU
		{E28387E4-00DD-4533-8AB6-311CCDEE8386}.Debug|Any CPU.ActiveCfg = Debug|Any CPU
		{E28387E4-00DD-4533-8AB6-311CCDEE8386}.Debug|Any CPU.Build.0 = Debug|Any CPU
		{E28387E4-00DD-4533-8AB6-311CCDEE8386}.Release|Any CPU.ActiveCfg = Release|Any CPU
		{E28387E4-00DD-4533-8AB6-311CCDEE8386}.Release|Any CPU.Build.0 = Release|Any CPU
	EndGlobalSection
EndGlobal
